
Microsoft Visual Studio Solution File, Format Version 10.00
# Visual Studio 2008
Project("{FAE04EC0-301F-11D3-BF4B-00C04F79EFBC}") = "OpenGridView", "OpenGridView\OpenGridView.csproj", "{6C7E5DE1-F3D1-405F-88B2-3104219F81B2}"
EndProject
Project("{FAE04EC0-301F-11D3-BF4B-00C04F79EFBC}") = "OpenGridWebDemo", "OpenGridWebDemo\OpenGridWebDemo.csproj", "{1642CEE7-0495-4304-9903-AD9BC0F3758B}"
EndProject
Global
	GlobalSection(SolutionConfigurationPlatforms) = preSolution
		Debug|Any CPU = Debug|Any CPU
		Release|Any CPU = Release|Any CPU
	EndGlobalSection
	GlobalSection(ProjectConfigurationPlatforms) = postSolution
		{6C7E5DE1-F3D1-405F-88B2-3104219F81B2}.Debug|Any CPU.ActiveCfg = Debug|Any CPU
		{6C7E5DE1-F3D1-405F-88B2-3104219F81B2}.Debug|Any CPU.Build.0 = Debug|Any CPU
		{6C7E5DE1-F3D1-405F-88B2-3104219F81B2}.Release|Any CPU.ActiveCfg = Release|Any CPU
		{6C7E5DE1-F3D1-405F-88B2-3104219F81B2}.Release|Any CPU.Build.0 = Release|Any CPU
		{1642CEE7-0495-4304-9903-AD9BC0F3758B}.Debug|Any CPU.ActiveCfg = Debug|Any CPU
		{1642CEE7-0495-4304-9903-AD9BC0F3758B}.Debug|Any CPU.Build.0 = Debug|Any CPU
		{1642CEE7-0495-4304-9903-AD9BC0F3758B}.Release|Any CPU.ActiveCfg = Release|Any CPU
		{1642CEE7-0495-4304-9903-AD9BC0F3758B}.Release|Any CPU.Build.0 = Release|Any CPU
	EndGlobalSection
	GlobalSection(SolutionProperties) = preSolution
		HideSolutionNode = FALSE
	EndGlobalSection
EndGlobal
